{
  "originHash" : "94eebbfb3a271fdd922af42267f7628c4b58b2d37d2488f8d40f8a90eb2e3e54",
  "pins" : [
    {
      "identity" : "aws-sdk-ios-spm",
      "kind" : "remoteSourceControl",
      "location" : "https://github.com/aws-amplify/aws-sdk-ios-spm",
      "state" : {
        "revision" : "ca31418963a90bac80538e13f6b7af87ea14d279",
        "version" : "2.33.4"
      }
    },
    {
      "identity" : "truvideo-sdk-ios-core",
      "kind" : "remoteSourceControl",
      "location" : "https://github.com/Truvideo/truvideo-sdk-ios-core",
      "state" : {
        "revision" : "3bb677d831331ff3a8bfb358ef7cbc54180f3e06",
        "version" : "75.1.1-RC.135"
      }
    }
  ],
  "version" : 3
}
